PODS:
  - AFNetworking (3.1.0):
    - AFNetworking/NSURLSession (= 3.1.0)
    - AFNetworking/Reachability (= 3.1.0)
    - AFNetworking/Security (= 3.1.0)
    - AFNetworking/Serialization (= 3.1.0)
    - AFNetworking/UIKit (= 3.1.0)
  - AFNetworking/NSURLSession (3.1.0):
    - AFNetworking/Reachability
    - AFNetworking/Security
    - AFNetworking/Serialization
  - AFNetworking/Reachability (3.1.0)
  - AFNetworking/Security (3.1.0)
  - AFNetworking/Serialization (3.1.0)
  - AFNetworking/UIKit (3.1.0):
    - AFNetworking/NSURLSession
  - MTKit (0.0.12):
    - MTKit/Category (= 0.0.12)
    - MTKit/Component (= 0.0.12)
    - MTKit/Core (= 0.0.12)
    - MTKit/Macros (= 0.0.12)
    - MTKit/Utils (= 0.0.12)
  - MTKit/Category (0.0.12):
    - MTKit/Category/Foundation (= 0.0.12)
    - MTKit/Category/Quartz (= 0.0.12)
    - MTKit/Category/UIKit (= 0.0.12)
    - MTKit/Category/YYUtils (= 0.0.12)
    - YYCache (~> 1.0.4)
  - MTKit/Category/Foundation (0.0.12):
    - MTKit/Category/Foundation/NSData (= 0.0.12)
    - MTKit/Category/Foundation/NSDate (= 0.0.12)
    - MTKit/Category/Foundation/NSDictionary (= 0.0.12)
    - MTKit/Category/Foundation/NSNumber (= 0.0.12)
    - MTKit/Category/Foundation/NSObject (= 0.0.12)
    - MTKit/Category/Foundation/NSString (= 0.0.12)
    - MTKit/Category/Foundation/NSTimer (= 0.0.12)
    - MTKit/Category/Foundation/NSUserDefaults (= 0.0.12)
    - YYCache (~> 1.0.4)
  - MTKit/Category/Foundation/NSData (0.0.12):
    - YYCache (~> 1.0.4)
  - MTKit/Category/Foundation/NSDate (0.0.12):
    - YYCache (~> 1.0.4)
  - MTKit/Category/Foundation/NSDictionary (0.0.12):
    - YYCache (~> 1.0.4)
  - MTKit/Category/Foundation/NSNumber (0.0.12):
    - MTKit/Category/Foundation/NSData
    - YYCache (~> 1.0.4)
  - MTKit/Category/Foundation/NSObject (0.0.12):
    - YYCache (~> 1.0.4)
  - MTKit/Category/Foundation/NSString (0.0.12):
    - MTKit/Category/Foundation/NSNumber
    - YYCache (~> 1.0.4)
  - MTKit/Category/Foundation/NSTimer (0.0.12):
    - YYCache (~> 1.0.4)
  - MTKit/Category/Foundation/NSUserDefaults (0.0.12):
    - YYCache (~> 1.0.4)
  - MTKit/Category/Quartz (0.0.12):
    - YYCache (~> 1.0.4)
  - MTKit/Category/UIKit (0.0.12):
    - MTKit/Category/UIKit/UIApplication (= 0.0.12)
    - MTKit/Category/UIKit/UIBarButtonItem (= 0.0.12)
    - MTKit/Category/UIKit/UIBezierPath (= 0.0.12)
    - MTKit/Category/UIKit/UIButton (= 0.0.12)
    - MTKit/Category/UIKit/UIColor (= 0.0.12)
    - MTKit/Category/UIKit/UIControl (= 0.0.12)
    - MTKit/Category/UIKit/UIDevice (= 0.0.12)
    - MTKit/Category/UIKit/UIFont (= 0.0.12)
    - MTKit/Category/UIKit/UIGesture (= 0.0.12)
    - MTKit/Category/UIKit/UIImage (= 0.0.12)
    - MTKit/Category/UIKit/UIImageView (= 0.0.12)
    - MTKit/Category/UIKit/UILabel (= 0.0.12)
    - MTKit/Category/UIKit/UINavigationBar (= 0.0.12)
    - MTKit/Category/UIKit/UINavigationController (= 0.0.12)
    - MTKit/Category/UIKit/UIScrollView (= 0.0.12)
    - MTKit/Category/UIKit/UITableView (= 0.0.12)
    - MTKit/Category/UIKit/UITextField (= 0.0.12)
    - MTKit/Category/UIKit/UITextView (= 0.0.12)
    - MTKit/Category/UIKit/UIView (= 0.0.12)
    - MTKit/Category/UIKit/UIViewController (= 0.0.12)
    - YYCache (~> 1.0.4)
  - MTKit/Category/UIKit/UIApplication (0.0.12):
    - MTKit/Category/UIKit/UIDevice
    - YYCache (~> 1.0.4)
  - MTKit/Category/UIKit/UIBarButtonItem (0.0.12):
    - YYCache (~> 1.0.4)
  - MTKit/Category/UIKit/UIBezierPath (0.0.12):
    - MTKit/Category/UIKit/UIFont
    - YYCache (~> 1.0.4)
  - MTKit/Category/UIKit/UIButton (0.0.12):
    - YYCache (~> 1.0.4)
  - MTKit/Category/UIKit/UIColor (0.0.12):
    - YYCache (~> 1.0.4)
  - MTKit/Category/UIKit/UIControl (0.0.12):
    - YYCache (~> 1.0.4)
  - MTKit/Category/UIKit/UIDevice (0.0.12):
    - MTKit/Category/Foundation/NSString
    - YYCache (~> 1.0.4)
  - MTKit/Category/UIKit/UIFont (0.0.12):
    - YYCache (~> 1.0.4)
  - MTKit/Category/UIKit/UIGesture (0.0.12):
    - YYCache (~> 1.0.4)
  - MTKit/Category/UIKit/UIImage (0.0.12):
    - MTKit/Category/YYUtils
    - YYCache (~> 1.0.4)
  - MTKit/Category/UIKit/UIImageView (0.0.12):
    - YYCache (~> 1.0.4)
  - MTKit/Category/UIKit/UILabel (0.0.12):
    - YYCache (~> 1.0.4)
  - MTKit/Category/UIKit/UINavigationBar (0.0.12):
    - YYCache (~> 1.0.4)
  - MTKit/Category/UIKit/UINavigationController (0.0.12):
    - YYCache (~> 1.0.4)
  - MTKit/Category/UIKit/UIScrollView (0.0.12):
    - YYCache (~> 1.0.4)
  - MTKit/Category/UIKit/UITableView (0.0.12):
    - YYCache (~> 1.0.4)
  - MTKit/Category/UIKit/UITextField (0.0.12):
    - YYCache (~> 1.0.4)
  - MTKit/Category/UIKit/UITextView (0.0.12):
    - YYCache (~> 1.0.4)
  - MTKit/Category/UIKit/UIView (0.0.12):
    - YYCache (~> 1.0.4)
  - MTKit/Category/UIKit/UIViewController (0.0.12):
    - YYCache (~> 1.0.4)
  - MTKit/Category/YYUtils (0.0.12):
    - MTKit/Category/UIKit/UIView
    - YYCache (~> 1.0.4)
  - MTKit/Component (0.0.12):
    - MTKit/Component/MTBanner (= 0.0.12)
    - MTKit/Component/MTQRCode (= 0.0.12)
  - MTKit/Component/MTBanner (0.0.12)
  - MTKit/Component/MTQRCode (0.0.12)
  - MTKit/Core (0.0.12):
    - AFNetworking (~> 3.1.0)
    - MTKit/Core/Action (= 0.0.12)
    - MTKit/Core/MTMediator (= 0.0.12)
    - MTKit/Core/Service (= 0.0.12)
  - MTKit/Core/Action (0.0.12):
    - AFNetworking (~> 3.1.0)
    - MTKit/Core/Action/Actions (= 0.0.12)
    - MTKit/Core/Action/Constants (= 0.0.12)
    - MTKit/Core/Action/Reachability (= 0.0.12)
  - MTKit/Core/Action/Actions (0.0.12):
    - AFNetworking (~> 3.1.0)
    - MTKit/Core/Action/Reachability
  - MTKit/Core/Action/Constants (0.0.12):
    - AFNetworking (~> 3.1.0)
  - MTKit/Core/Action/Reachability (0.0.12):
    - AFNetworking (~> 3.1.0)
    - MTKit/Utils
  - MTKit/Core/MTMediator (0.0.12):
    - AFNetworking (~> 3.1.0)
    - MTKit/Category/Foundation/NSString
  - MTKit/Core/Service (0.0.12):
    - AFNetworking (~> 3.1.0)
    - MTKit/Core/Action
  - MTKit/Macros (0.0.12):
    - MTKit/Category
  - MTKit/Utils (0.0.12):
    - MTKit/Macros
    - MTKit/Utils/AppInfoUtil (= 0.0.12)
    - MTKit/Utils/MTAlertUtil (= 0.0.12)
    - MTKit/Utils/MTProgressHUD (= 0.0.12)
    - MTKit/Utils/MTQRCodeUtil (= 0.0.12)
    - MTKit/Utils/MTTableViewUtil (= 0.0.12)
    - MTKit/Utils/UserInfoUtil (= 0.0.12)
  - MTKit/Utils/AppInfoUtil (0.0.12):
    - AFNetworking (~> 3.1.0)
    - MTKit/Macros
  - MTKit/Utils/MTAlertUtil (0.0.12):
    - MTKit/Category/Foundation/NSString
    - MTKit/Macros
  - MTKit/Utils/MTProgressHUD (0.0.12):
    - MTKit/Macros
    - SVProgressHUD (~> 2.1.2)
  - MTKit/Utils/MTQRCodeUtil (0.0.12):
    - MTKit/Macros
  - MTKit/Utils/MTTableViewUtil (0.0.12):
    - MTKit/Macros
  - MTKit/Utils/UserInfoUtil (0.0.12):
    - MTKit/Core/Action/Constants
    - MTKit/Macros
  - SVProgressHUD (2.1.2)
  - YYCache (1.0.4)

DEPENDENCIES:
  - MTKit (~> 0.0.12)

SPEC CHECKSUMS:
  AFNetworking: 5e0e199f73d8626b11e79750991f5d173d1f8b67
  MTKit: e3cfb944eeb0c7400abb9d1a014efc8b0c4185b8
  SVProgressHUD: c404a55d78acbeb7ebb78b76d3faf986475a6994
  YYCache: 8105b6638f5e849296c71f331ff83891a4942952

PODFILE CHECKSUM: d7a8c5c9190215101421642d16b73a6ebb2d80bc

COCOAPODS: 1.4.0
